{
  "name": "myproject",
  "version": "1.0.0",
  "lockfileVersion": 1,
  "requires": true,
  "dependencies": {
    "@uirouter/core": {
      "version": "5.0.11",
      "resolved": "https://registry.npmjs.org/@uirouter/core/-/core-5.0.11.tgz",
      "integrity": "sha512-x8js8f0nJivRMlxVyFcP5VmHyI091qUYCSEP69+m3uTCsIlCvLWmQiT4/FY7YBe9go6tYBBzPV+dWseg5XMD8Q==",
      "dev": true
    },
    "angular": {
      "version": "1.7.9",
      "resolved": "https://registry.npmjs.org/angular/-/angular-1.7.9.tgz",
      "integrity": "sha512-5se7ZpcOtu0MBFlzGv5dsM1quQDoDeUTwZrWjGtTNA7O88cD8TEk5IEKCTDa3uECV9XnvKREVUr7du1ACiWGFQ==",
      "dev": true
    },
    "angular-ui-router": {
      "version": "1.0.9",
      "resolved": "https://registry.npmjs.org/angular-ui-router/-/angular-ui-router-1.0.9.tgz",
      "integrity": "sha512-pXK5vJ0HU5cVHn7pQu+rQ+ScXt5dqzhqsz1j4k4KhqTw3BE9IC6zL5mWjuvlkIFpVVPIhkZseQqV7l9gV+B1lA==",
      "dev": true,
      "requires": {
        "@uirouter/core": "5.0.11"
      }
    },
    "ckeditor": {
      "version": "4.9.2",
      "resolved": "https://registry.npmjs.org/ckeditor/-/ckeditor-4.9.2.tgz",
      "integrity": "sha1-OFYAy0Ao4AVcknIOIkNbuX9BPNw=",
      "dev": true
    },
    "jquery": {
      "version": "3.6.0",
      "resolved": "https://registry.npmjs.org/jquery/-/jquery-3.6.0.tgz",
      "integrity": "sha512-JVzAR/AjBvVt2BmYhxRCSYysDsPcssdmTFnzyLEts9qNwmjmu4JTAMYubEfwVOSwpQ1I1sKKFcxhZCI2buerfw==",
      "dev": true
    },
    "jqueryui": {
      "version": "1.11.1",
      "resolved": "https://registry.npmjs.org/jqueryui/-/jqueryui-1.11.1.tgz",
      "integrity": "sha1-hxhVBwX1Vo0RmRlhaQlNtzsikbw=",
      "dev": true
    },
    "ng-ckeditor": {
      "version": "2.0.5",
      "resolved": "https://registry.npmjs.org/ng-ckeditor/-/ng-ckeditor-2.0.5.tgz",
      "integrity": "sha512-P0V8WWaCqpWHilj+FLF67+trjJXu58D79EGVd5x/NViw5UudSdVHyHfkPw1qcbxtb+AYSaryO6zmwtRDW3exPQ==",
      "dev": true,
      "requires": {
        "ckeditor": "*",
        "jquery": ">= 1.9.1"
      }
    }
  }
}
